
Microsoft Visual Studio Solution File, Format Version 12.00
# Visual Studio 2013
VisualStudioVersion = 12.0.31101.0
MinimumVisualStudioVersion = 10.0.40219.1
Project("{FAE04EC0-301F-11D3-BF4B-00C04F79EFBC}") = "ProvidehostedAppDemo", "ProvidehostedAppDemo\ProvidehostedAppDemo.csproj", "{377E0363-40BC-414D-9147-690A8AC83954}"
EndProject
Project("{FAE04EC0-301F-11D3-BF4B-00C04F79EFBC}") = "ProvidehostedAppDemoWeb", "ProvidehostedAppDemoWeb\ProvidehostedAppDemoWeb.csproj", "{53397BD5-E0B0-4752-8B3B-FA6423284A98}"
EndProject
Global
	GlobalSection(SolutionConfigurationPlatforms) = preSolution
		Debug|Any CPU = Debug|Any CPU
		Release|Any CPU = Release|Any CPU
	EndGlobalSection
	GlobalSection(ProjectConfigurationPlatforms) = postSolution
		{377E0363-40BC-414D-9147-690A8AC83954}.Debug|Any CPU.ActiveCfg = Debug|Any CPU
		{377E0363-40BC-414D-9147-690A8AC83954}.Debug|Any CPU.Build.0 = Debug|Any CPU
		{377E0363-40BC-414D-9147-690A8AC83954}.Debug|Any CPU.Deploy.0 = Debug|Any CPU
		{377E0363-40BC-414D-9147-690A8AC83954}.Release|Any CPU.ActiveCfg = Release|Any CPU
		{377E0363-40BC-414D-9147-690A8AC83954}.Release|Any CPU.Build.0 = Release|Any CPU
		{377E0363-40BC-414D-9147-690A8AC83954}.Release|Any CPU.Deploy.0 = Release|Any CPU
		{53397BD5-E0B0-4752-8B3B-FA6423284A98}.Debug|Any CPU.ActiveCfg = Debug|Any CPU
		{53397BD5-E0B0-4752-8B3B-FA6423284A98}.Debug|Any CPU.Build.0 = Debug|Any CPU
		{53397BD5-E0B0-4752-8B3B-FA6423284A98}.Release|Any CPU.ActiveCfg = Release|Any CPU
		{53397BD5-E0B0-4752-8B3B-FA6423284A98}.Release|Any CPU.Build.0 = Release|Any CPU
	EndGlobalSection
	GlobalSection(SolutionProperties) = preSolution
		HideSolutionNode = FALSE
	EndGlobalSection
EndGlobal
